
Microsoft Visual Studio Solution File, Format Version 12.00
# Visual Studio Version 16
VisualStudioVersion = 16.0.31729.503
MinimumVisualStudioVersion = 10.0.40219.1
Project("{FAE04EC0-301F-11D3-BF4B-00C04F79EFBC}") = "Nufus_Kayıt_Sistemi", "Nufus_Kayıt_Sistemi\Nufus_Kayıt_Sistemi.csproj", "{C97D9D9E-52B6-40B0-A350-004115617E4F}"
EndProject
Global
	GlobalSection(SolutionConfigurationPlatforms) = preSolution
		Debug|Any CPU = Debug|Any CPU
		Release|Any CPU = Release|Any CPU
	EndGlobalSection
	GlobalSection(ProjectConfigurationPlatforms) = postSolution
		{C97D9D9E-52B6-40B0-A350-004115617E4F}.Debug|Any CPU.ActiveCfg = Debug|Any CPU
		{C97D9D9E-52B6-40B0-A350-004115617E4F}.Debug|Any CPU.Build.0 = Debug|Any CPU
		{C97D9D9E-52B6-40B0-A350-004115617E4F}.Release|Any CPU.ActiveCfg = Release|Any CPU
		{C97D9D9E-52B6-40B0-A350-004115617E4F}.Release|Any CPU.Build.0 = Release|Any CPU
	EndGlobalSection
	GlobalSection(SolutionProperties) = preSolution
		HideSolutionNode = FALSE
	EndGlobalSection
	GlobalSection(ExtensibilityGlobals) = postSolution
		SolutionGuid = {7562AECD-0941-41E7-A67B-4C04CE9E7522}
	EndGlobalSection
EndGlobal
